// !$*UTF8*$!
{
	archiveVersion = 1;
	classes = {
	};
	objectVersion = 56;
	objects = {

/* Begin PBXBuildFile section */
		717EF4792A4C5299004F6A97 /* AppUtility.swift in Sources */ = {isa = PBXBuildFile; fileRef = 717EF4782A4C5298004F6A97 /* AppUtility.swift */; };
		71C0517D2A485F1700270065 /* MenuBar.swift in Sources */ = {isa = PBXBuildFile; fileRef = 71C0517C2A485F1700270065 /* MenuBar.swift */; };
		71C051812A48AD1400270065 /* MenuCell.swift in Sources */ = {isa = PBXBuildFile; fileRef = 71C051802A48AD1400270065 /* MenuCell.swift */; };
		71E747992A4AFD78003F64A1 /* LimeResponse.swift in Sources */ = {isa = PBXBuildFile; fileRef = 71E747982A4AFD78003F64A1 /* LimeResponse.swift */; };
		71E7479C2A4B005B003F64A1 /* ChannelCell.swift in Sources */ = {isa = PBXBuildFile; fileRef = 71E7479B2A4B005B003F64A1 /* ChannelCell.swift */; };
		71E747A12A4B09BE003F64A1 /* NetworkService.swift in Sources */ = {isa = PBXBuildFile; fileRef = 71E747A02A4B09BE003F64A1 /* NetworkService.swift */; };
		71E747A32A4B168F003F64A1 /* ChannelsView.swift in Sources */ = {isa = PBXBuildFile; fileRef = 71E747A22A4B168F003F64A1 /* ChannelsView.swift */; };
		71E747A52A4B4008003F64A1 /* StorageService.swift in Sources */ = {isa = PBXBuildFile; fileRef = 71E747A42A4B4008003F64A1 /* StorageService.swift */; };
		71E747A82A4B6934003F64A1 /* UIButtonExtension.swift in Sources */ = {isa = PBXBuildFile; fileRef = 71E747A72A4B6934003F64A1 /* UIButtonExtension.swift */; };
		71E747AE2A4C4603003F64A1 /* PlayerViewController.swift in Sources */ = {isa = PBXBuildFile; fileRef = 71E747AD2A4C4603003F64A1 /* PlayerViewController.swift */; };
		71E775742A45A6AC0025268C /* AppDelegate.swift in Sources */ = {isa = PBXBuildFile; fileRef = 71E775732A45A6AC0025268C /* AppDelegate.swift */; };
		71E775762A45A6AC0025268C /* SceneDelegate.swift in Sources */ = {isa = PBXBuildFile; fileRef = 71E775752A45A6AC0025268C /* SceneDelegate.swift */; };
		71E775782A45A6AC0025268C /* MainViewController.swift in Sources */ = {isa = PBXBuildFile; fileRef = 71E775772A45A6AC0025268C /* MainViewController.swift */; };
		71E7757D2A45A6B00025268C /* Assets.xcassets in Resources */ = {isa = PBXBuildFile; fileRef = 71E7757C2A45A6B00025268C /* Assets.xcassets */; };
		71E775802A45A6B00025268C /* LaunchScreen.storyboard in Resources */ = {isa = PBXBuildFile; fileRef = 71E7757E2A45A6B00025268C /* LaunchScreen.storyboard */; };
/* End PBXBuildFile section */

/* Begin PBXFileReference section */
		717EF4782A4C5298004F6A97 /* AppUtility.swift */ = {isa = PBXFileReference; lastKnownFileType = sourcecode.swift; path = AppUtility.swift; sourceTree = "<group>"; };
		71C0517C2A485F1700270065 /* MenuBar.swift */ = {isa = PBXFileReference; lastKnownFileType = sourcecode.swift; path = MenuBar.swift; sourceTree = "<group>"; };
		71C051802A48AD1400270065 /* MenuCell.swift */ = {isa = PBXFileReference; lastKnownFileType = sourcecode.swift; path = MenuCell.swift; sourceTree = "<group>"; };
		71E747982A4AFD78003F64A1 /* LimeResponse.swift */ = {isa = PBXFileReference; lastKnownFileType = sourcecode.swift; path = LimeResponse.swift; sourceTree = "<group>"; };
		71E7479B2A4B005B003F64A1 /* ChannelCell.swift */ = {isa = PBXFileReference; lastKnownFileType = sourcecode.swift; path = ChannelCell.swift; sourceTree = "<group>"; };
		71E747A02A4B09BE003F64A1 /* NetworkService.swift */ = {isa = PBXFileReference; lastKnownFileType = sourcecode.swift; path = NetworkService.swift; sourceTree = "<group>"; };
		71E747A22A4B168F003F64A1 /* ChannelsView.swift */ = {isa = PBXFileReference; lastKnownFileType = sourcecode.swift; path = ChannelsView.swift; sourceTree = "<group>"; };
		71E747A42A4B4008003F64A1 /* StorageService.swift */ = {isa = PBXFileReference; lastKnownFileType = sourcecode.swift; path = StorageService.swift; sourceTree = "<group>"; };
		71E747A72A4B6934003F64A1 /* UIButtonExtension.swift */ = {isa = PBXFileReference; lastKnownFileType = sourcecode.swift; path = UIButtonExtension.swift; sourceTree = "<group>"; };
		71E747AD2A4C4603003F64A1 /* PlayerViewController.swift */ = {isa = PBXFileReference; lastKnownFileType = sourcecode.swift; path = PlayerViewController.swift; sourceTree = "<group>"; };
		71E775702A45A6AC0025268C /* LimeHDTest.app */ = {isa = PBXFileReference; explicitFileType = wrapper.application; includeInIndex = 0; path = LimeHDTest.app; sourceTree = BUILT_PRODUCTS_DIR; };
		71E775732A45A6AC0025268C /* AppDelegate.swift */ = {isa = PBXFileReference; lastKnownFileType = sourcecode.swift; path = AppDelegate.swift; sourceTree = "<group>"; };
		71E775752A45A6AC0025268C /* SceneDelegate.swift */ = {isa = PBXFileReference; lastKnownFileType = sourcecode.swift; path = SceneDelegate.swift; sourceTree = "<group>"; };
		71E775772A45A6AC0025268C /* MainViewController.swift */ = {isa = PBXFileReference; lastKnownFileType = sourcecode.swift; path = MainViewController.swift; sourceTree = "<group>"; };
		71E7757C2A45A6B00025268C /* Assets.xcassets */ = {isa = PBXFileReference; lastKnownFileType = folder.assetcatalog; path = Assets.xcassets; sourceTree = "<group>"; };
		71E7757F2A45A6B00025268C /* Base */ = {isa = PBXFileReference; lastKnownFileType = file.storyboard; name = Base; path = Base.lproj/LaunchScreen.storyboard; sourceTree = "<group>"; };
		71E775812A45A6B00025268C /* Info.plist */ = {isa = PBXFileReference; lastKnownFileType = text.plist.xml; path = Info.plist; sourceTree = "<group>"; };
/* End PBXFileReference section */

/* Begin PBXFrameworksBuildPhase section */
		71E7756D2A45A6AC0025268C /* Frameworks */ = {
			isa = PBXFrameworksBuildPhase;
			buildActionMask = 2147483647;
			files = (
			);
			runOnlyForDeploymentPostprocessing = 0;
		};
/* End PBXFrameworksBuildPhase section */

/* Begin PBXGroup section */
		717EF4772A4C5278004F6A97 /* Helpers */ = {
			isa = PBXGroup;
			children = (
				717EF4782A4C5298004F6A97 /* AppUtility.swift */,
			);
			path = Helpers;
			sourceTree = "<group>";
		};
		71E747972A4AFD3C003F64A1 /* Model */ = {
			isa = PBXGroup;
			children = (
				71E747982A4AFD78003F64A1 /* LimeResponse.swift */,
			);
			path = Model;
			sourceTree = "<group>";
		};
		71E7479A2A4B0044003F64A1 /* Vews */ = {
			isa = PBXGroup;
			children = (
				71E747A62A4B6913003F64A1 /* CustomButton */,
				71E7479F2A4B09A4003F64A1 /* MenuBarView */,
				71E7479B2A4B005B003F64A1 /* ChannelCell.swift */,
				71E747A22A4B168F003F64A1 /* ChannelsView.swift */,
			);
			path = Vews;
			sourceTree = "<group>";
		};
		71E7479D2A4B0983003F64A1 /* ServiceLayer */ = {
			isa = PBXGroup;
			children = (
				71E747A02A4B09BE003F64A1 /* NetworkService.swift */,
				71E747A42A4B4008003F64A1 /* StorageService.swift */,
			);
			path = ServiceLayer;
			sourceTree = "<group>";
		};
		71E7479E2A4B0996003F64A1 /* Controller */ = {
			isa = PBXGroup;
			children = (
				71E775772A45A6AC0025268C /* MainViewController.swift */,
				71E747AD2A4C4603003F64A1 /* PlayerViewController.swift */,
			);
			path = Controller;
			sourceTree = "<group>";
		};
		71E7479F2A4B09A4003F64A1 /* MenuBarView */ = {
			isa = PBXGroup;
			children = (
				71C0517C2A485F1700270065 /* MenuBar.swift */,
				71C051802A48AD1400270065 /* MenuCell.swift */,
			);
			path = MenuBarView;
			sourceTree = "<group>";
		};
		71E747A62A4B6913003F64A1 /* CustomButton */ = {
			isa = PBXGroup;
			children = (
				71E747A72A4B6934003F64A1 /* UIButtonExtension.swift */,
			);
			path = CustomButton;
			sourceTree = "<group>";
		};
		71E775672A45A6AC0025268C = {
			isa = PBXGroup;
			children = (
				71E775722A45A6AC0025268C /* LimeHDTest */,
				71E775712A45A6AC0025268C /* Products */,
			);
			sourceTree = "<group>";
		};
		71E775712A45A6AC0025268C /* Products */ = {
			isa = PBXGroup;
			children = (
				71E775702A45A6AC0025268C /* LimeHDTest.app */,
			);
			name = Products;
			sourceTree = "<group>";
		};
		71E775722A45A6AC0025268C /* LimeHDTest */ = {
			isa = PBXGroup;
			children = (
				71E747972A4AFD3C003F64A1 /* Model */,
				71E7479A2A4B0044003F64A1 /* Vews */,
				71E7479E2A4B0996003F64A1 /* Controller */,
				71E7479D2A4B0983003F64A1 /* ServiceLayer */,
				717EF4772A4C5278004F6A97 /* Helpers */,
				71E775872A45AF870025268C /* Resources */,
				71E775812A45A6B00025268C /* Info.plist */,
			);
			path = LimeHDTest;
			sourceTree = "<group>";
		};
		71E775872A45AF870025268C /* Resources */ = {
			isa = PBXGroup;
			children = (
				71E775732A45A6AC0025268C /* AppDelegate.swift */,
				71E775752A45A6AC0025268C /* SceneDelegate.swift */,
				71E7757C2A45A6B00025268C /* Assets.xcassets */,
				71E7757E2A45A6B00025268C /* LaunchScreen.storyboard */,
			);
			path = Resources;
			sourceTree = "<group>";
		};
/* End PBXGroup section */

/* Begin PBXNativeTarget section */
		71E7756F2A45A6AC0025268C /* LimeHDTest */ = {
			isa = PBXNativeTarget;
			buildConfigurationList = 71E775842A45A6B00025268C /* Build configuration list for PBXNativeTarget "LimeHDTest" */;
			buildPhases = (
				71E7756C2A45A6AC0025268C /* Sources */,
				71E7756D2A45A6AC0025268C /* Frameworks */,
				71E7756E2A45A6AC0025268C /* Resources */,
			);
			buildRules = (
			);
			dependencies = (
			);
			name = LimeHDTest;
			productName = LimeHDTest;
			productReference = 71E775702A45A6AC0025268C /* LimeHDTest.app */;
			productType = "com.apple.product-type.application";
		};
/* End PBXNativeTarget section */

/* Begin PBXProject section */
		71E775682A45A6AC0025268C /* Project object */ = {
			isa = PBXProject;
			attributes = {
				BuildIndependentTargetsInParallel = 1;
				LastSwiftUpdateCheck = 1430;
				LastUpgradeCheck = 1430;
				TargetAttributes = {
					71E7756F2A45A6AC0025268C = {
						CreatedOnToolsVersion = 14.3.1;
					};
				};
			};
			buildConfigurationList = 71E7756B2A45A6AC0025268C /* Build configuration list for PBXProject "LimeHDTest" */;
			compatibilityVersion = "Xcode 14.0";
			developmentRegion = en;
			hasScannedForEncodings = 0;
			knownRegions = (
				en,
				Base,
			);
			mainGroup = 71E775672A45A6AC0025268C;
			productRefGroup = 71E775712A45A6AC0025268C /* Products */;
			projectDirPath = "";
			projectRoot = "";
			targets = (
				71E7756F2A45A6AC0025268C /* LimeHDTest */,
			);
		};
/* End PBXProject section */

/* Begin PBXResourcesBuildPhase section */
		71E7756E2A45A6AC0025268C /* Resources */ = {
			isa = PBXResourcesBuildPhase;
			buildActionMask = 2147483647;
			files = (
				71E775802A45A6B00025268C /* LaunchScreen.storyboard in Resources */,
				71E7757D2A45A6B00025268C /* Assets.xcassets in Resources */,
			);
			runOnlyForDeploymentPostprocessing = 0;
		};
/* End PBXResourcesBuildPhase section */

/* Begin PBXSourcesBuildPhase section */
		71E7756C2A45A6AC0025268C /* Sources */ = {
			isa = PBXSourcesBuildPhase;
			buildActionMask = 2147483647;
			files = (
				71E7479C2A4B005B003F64A1 /* ChannelCell.swift in Sources */,
				71E747A82A4B6934003F64A1 /* UIButtonExtension.swift in Sources */,
				71E775782A45A6AC0025268C /* MainViewController.swift in Sources */,
				71E747A12A4B09BE003F64A1 /* NetworkService.swift in Sources */,
				71C051812A48AD1400270065 /* MenuCell.swift in Sources */,
				71E775742A45A6AC0025268C /* AppDelegate.swift in Sources */,
				71E747AE2A4C4603003F64A1 /* PlayerViewController.swift in Sources */,
				71E747A52A4B4008003F64A1 /* StorageService.swift in Sources */,
				71E747992A4AFD78003F64A1 /* LimeResponse.swift in Sources */,
				717EF4792A4C5299004F6A97 /* AppUtility.swift in Sources */,
				71E747A32A4B168F003F64A1 /* ChannelsView.swift in Sources */,
				71C0517D2A485F1700270065 /* MenuBar.swift in Sources */,
				71E775762A45A6AC0025268C /* SceneDelegate.swift in Sources */,
			);
			runOnlyForDeploymentPostprocessing = 0;
		};
/* End PBXSourcesBuildPhase section */

/* Begin PBXVariantGroup section */
		71E7757E2A45A6B00025268C /* LaunchScreen.storyboard */ = {
			isa = PBXVariantGroup;
			children = (
				71E7757F2A45A6B00025268C /* Base */,
			);
			name = LaunchScreen.storyboard;
			sourceTree = "<group>";
		};
/* End PBXVariantGroup section */

/* Begin XCBuildConfiguration section */
		71E775822A45A6B00025268C /* Debug */ = {
			isa = XCBuildConfiguration;
			buildSettings = {
				ALWAYS_SEARCH_USER_PATHS = NO;
				CLANG_ANALYZER_NONNULL = YES;
				CLANG_ANALYZER_NUMBER_OBJECT_CONVERSION = YES_AGGRESSIVE;
				CLANG_CXX_LANGUAGE_STANDARD = "gnu++20";
				CLANG_ENABLE_MODULES = YES;
				CLANG_ENABLE_OBJC_ARC = YES;
				CLANG_ENABLE_OBJC_WEAK = YES;
				CLANG_WARN_BLOCK_CAPTURE_AUTORELEASING = YES;
				CLANG_WARN_BOOL_CONVERSION = YES;
				CLANG_WARN_COMMA = YES;
				CLANG_WARN_CONSTANT_CONVERSION = YES;
				CLANG_WARN_DEPRECATED_OBJC_IMPLEMENTATIONS = YES;
				CLANG_WARN_DIRECT_OBJC_ISA_USAGE = YES_ERROR;
				CLANG_WARN_DOCUMENTATION_COMMENTS = YES;
				CLANG_WARN_EMPTY_BODY = YES;
				CLANG_WARN_ENUM_CONVERSION = YES;
				CLANG_WARN_INFINITE_RECURSION = YES;
				CLANG_WARN_INT_CONVERSION = YES;
				CLANG_WARN_NON_LITERAL_NULL_CONVERSION = YES;
				CLANG_WARN_OBJC_IMPLICIT_RETAIN_SELF = YES;
				CLANG_WARN_OBJC_LITERAL_CONVERSION = YES;
				CLANG_WARN_OBJC_ROOT_CLASS = YES_ERROR;
				CLANG_WARN_QUOTED_INCLUDE_IN_FRAMEWORK_HEADER = YES;
				CLANG_WARN_RANGE_LOOP_ANALYSIS = YES;
				CLANG_WARN_STRICT_PROTOTYPES = YES;
				CLANG_WARN_SUSPICIOUS_MOVE = YES;
				CLANG_WARN_UNGUARDED_AVAILABILITY = YES_AGGRESSIVE;
				CLANG_WARN_UNREACHABLE_CODE = YES;
				CLANG_WARN__DUPLICATE_METHOD_MATCH = YES;
				COPY_PHASE_STRIP = NO;
				DEBUG_INFORMATION_FORMAT = dwarf;
				ENABLE_STRICT_OBJC_MSGSEND = YES;
				ENABLE_TESTABILITY = YES;
				GCC_C_LANGUAGE_STANDARD = gnu11;
				GCC_DYNAMIC_NO_PIC = NO;
				GCC_NO_COMMON_BLOCKS = YES;
				GCC_OPTIMIZATION_LEVEL = 0;
				GCC_PREPROCESSOR_DEFINITIONS = (
					"DEBUG=1",
					"$(inherited)",
				);
				GCC_WARN_64_TO_32_BIT_CONVERSION = YES;
				GCC_WARN_ABOUT_RETURN_TYPE = YES_ERROR;
				GCC_WARN_UNDECLARED_SELECTOR = YES;
				GCC_WARN_UNINITIALIZED_AUTOS = YES_AGGRESSIVE;
				GCC_WARN_UNUSED_FUNCTION = YES;
				GCC_WARN_UNUSED_VARIABLE = YES;
				IPHONEOS_DEPLOYMENT_TARGET = 12.0;
				MTL_ENABLE_DEBUG_INFO = INCLUDE_SOURCE;
				MTL_FAST_MATH = YES;
				ONLY_ACTIVE_ARCH = YES;
				SDKROOT = iphoneos;
				SWIFT_ACTIVE_COMPILATION_CONDITIONS = DEBUG;
				SWIFT_OPTIMIZATION_LEVEL = "-Onone";
			};
			name = Debug;
		};
		71E775832A45A6B00025268C /* Release */ = {
			isa = XCBuildConfiguration;
			buildSettings = {
				ALWAYS_SEARCH_USER_PATHS = NO;
				CLANG_ANALYZER_NONNULL = YES;
				CLANG_ANALYZER_NUMBER_OBJECT_CONVERSION = YES_AGGRESSIVE;
				CLANG_CXX_LANGUAGE_STANDARD = "gnu++20";
				CLANG_ENABLE_MODULES = YES;
				CLANG_ENABLE_OBJC_ARC = YES;
				CLANG_ENABLE_OBJC_WEAK = YES;
				CLANG_WARN_BLOCK_CAPTURE_AUTORELEASING = YES;
				CLANG_WARN_BOOL_CONVERSION = YES;
				CLANG_WARN_COMMA = YES;
				CLANG_WARN_CONSTANT_CONVERSION = YES;
				CLANG_WARN_DEPRECATED_OBJC_IMPLEMENTATIONS = YES;
				CLANG_WARN_DIRECT_OBJC_ISA_USAGE = YES_ERROR;
				CLANG_WARN_DOCUMENTATION_COMMENTS = YES;
				CLANG_WARN_EMPTY_BODY = YES;
				CLANG_WARN_ENUM_CONVERSION = YES;
				CLANG_WARN_INFINITE_RECURSION = YES;
				CLANG_WARN_INT_CONVERSION = YES;
				CLANG_WARN_NON_LITERAL_NULL_CONVERSION = YES;
				CLANG_WARN_OBJC_IMPLICIT_RETAIN_SELF = YES;
				CLANG_WARN_OBJC_LITERAL_CONVERSION = YES;
				CLANG_WARN_OBJC_ROOT_CLASS = YES_ERROR;
				CLANG_WARN_QUOTED_INCLUDE_IN_FRAMEWORK_HEADER = YES;
				CLANG_WARN_RANGE_LOOP_ANALYSIS = YES;
				CLANG_WARN_STRICT_PROTOTYPES = YES;
				CLANG_WARN_SUSPICIOUS_MOVE = YES;
				CLANG_WARN_UNGUARDED_AVAILABILITY = YES_AGGRESSIVE;
				CLANG_WARN_UNREACHABLE_CODE = YES;
				CLANG_WARN__DUPLICATE_METHOD_MATCH = YES;
				COPY_PHASE_STRIP = NO;
				DEBUG_INFORMATION_FORMAT = "dwarf-with-dsym";
				ENABLE_NS_ASSERTIONS = NO;
				ENABLE_STRICT_OBJC_MSGSEND = YES;
				GCC_C_LANGUAGE_STANDARD = gnu11;
				GCC_NO_COMMON_BLOCKS = YES;
				GCC_WARN_64_TO_32_BIT_CONVERSION = YES;
				GCC_WARN_ABOUT_RETURN_TYPE = YES_ERROR;
				GCC_WARN_UNDECLARED_SELECTOR = YES;
				GCC_WARN_UNINITIALIZED_AUTOS = YES_AGGRESSIVE;
				GCC_WARN_UNUSED_FUNCTION = YES;
				GCC_WARN_UNUSED_VARIABLE = YES;
				IPHONEOS_DEPLOYMENT_TARGET = 12.0;
				MTL_ENABLE_DEBUG_INFO = NO;
				MTL_FAST_MATH = YES;
				SDKROOT = iphoneos;
				SWIFT_COMPILATION_MODE = wholemodule;
				SWIFT_OPTIMIZATION_LEVEL = "-O";
				VALIDATE_PRODUCT = YES;
			};
			name = Release;
		};
		71E775852A45A6B00025268C /* Debug */ = {
			isa = XCBuildConfiguration;
			buildSettings = {
				ASSETCATALOG_COMPILER_APPICON_NAME = AppIcon;
				ASSETCATALOG_COMPILER_GLOBAL_ACCENT_COLOR_NAME = AccentColor;
				CODE_SIGN_STYLE = Automatic;
				CURRENT_PROJECT_VERSION = 1;
				DEVELOPMENT_TEAM = M2GX8D8XT7;
				GENERATE_INFOPLIST_FILE = YES;
				INFOPLIST_FILE = LimeHDTest/Info.plist;
				INFOPLIST_KEY_UIApplicationSupportsIndirectInputEvents = YES;
				INFOPLIST_KEY_UILaunchStoryboardName = LaunchScreen;
				INFOPLIST_KEY_UISupportedInterfaceOrientations_iPad = "UIInterfaceOrientationPortrait UIInterfaceOrientationPortraitUpsideDown UIInterfaceOrientationLandscapeLeft UIInterfaceOrientationLandscapeRight";
				INFOPLIST_KEY_UISupportedInterfaceOrientations_iPhone = "UIInterfaceOrientationPortrait UIInterfaceOrientationLandscapeLeft UIInterfaceOrientationLandscapeRight";
				IPHONEOS_DEPLOYMENT_TARGET = 12.0;
				LD_RUNPATH_SEARCH_PATHS = (
					"$(inherited)",
					"@executable_path/Frameworks",
				);
				MARKETING_VERSION = 1.0;
				PRODUCT_BUNDLE_IDENTIFIER = realpaulive.LimeHDTest;
				PRODUCT_NAME = "$(TARGET_NAME)";
				SWIFT_EMIT_LOC_STRINGS = YES;
				SWIFT_VERSION = 5.0;
				TARGETED_DEVICE_FAMILY = "1,2";
			};
			name = Debug;
		};
		71E775862A45A6B00025268C /* Release */ = {
			isa = XCBuildConfiguration;
			buildSettings = {
				ASSETCATALOG_COMPILER_APPICON_NAME = AppIcon;
				ASSETCATALOG_COMPILER_GLOBAL_ACCENT_COLOR_NAME = AccentColor;
				CODE_SIGN_STYLE = Automatic;
				CURRENT_PROJECT_VERSION = 1;
				DEVELOPMENT_TEAM = M2GX8D8XT7;
				GENERATE_INFOPLIST_FILE = YES;
				INFOPLIST_FILE = LimeHDTest/Info.plist;
				INFOPLIST_KEY_UIApplicationSupportsIndirectInputEvents = YES;
				INFOPLIST_KEY_UILaunchStoryboardName = LaunchScreen;
				INFOPLIST_KEY_UISupportedInterfaceOrientations_iPad = "UIInterfaceOrientationPortrait UIInterfaceOrientationPortraitUpsideDown UIInterfaceOrientationLandscapeLeft UIInterfaceOrientationLandscapeRight";
				INFOPLIST_KEY_UISupportedInterfaceOrientations_iPhone = "UIInterfaceOrientationPortrait UIInterfaceOrientationLandscapeLeft UIInterfaceOrientationLandscapeRight";
				IPHONEOS_DEPLOYMENT_TARGET = 12.0;
				LD_RUNPATH_SEARCH_PATHS = (
					"$(inherited)",
					"@executable_path/Frameworks",
				);
				MARKETING_VERSION = 1.0;
				PRODUCT_BUNDLE_IDENTIFIER = realpaulive.LimeHDTest;
				PRODUCT_NAME = "$(TARGET_NAME)";
				SWIFT_EMIT_LOC_STRINGS = YES;
				SWIFT_VERSION = 5.0;
				TARGETED_DEVICE_FAMILY = "1,2";
			};
			name = Release;
		};
/* End XCBuildConfiguration section */

/* Begin XCConfigurationList section */
		71E7756B2A45A6AC0025268C /* Build configuration list for PBXProject "LimeHDTest" */ = {
			isa = XCConfigurationList;
			buildConfigurations = (
				71E775822A45A6B00025268C /* Debug */,
				71E775832A45A6B00025268C /* Release */,
			);
			defaultConfigurationIsVisible = 0;
			defaultConfigurationName = Release;
		};
		71E775842A45A6B00025268C /* Build configuration list for PBXNativeTarget "LimeHDTest" */ = {
			isa = XCConfigurationList;
			buildConfigurations = (
				71E775852A45A6B00025268C /* Debug */,
				71E775862A45A6B00025268C /* Release */,
			);
			defaultConfigurationIsVisible = 0;
			defaultConfigurationName = Release;
		};
/* End XCConfigurationList section */
	};
	rootObject = 71E775682A45A6AC0025268C /* Project object */;
}
